
Microsoft Visual Studio Solution File, Format Version 12.00
# Visual Studio Version 17
VisualStudioVersion = 17.11.35431.28
MinimumVisualStudioVersion = 10.0.40219.1
Project("{FAE04EC0-301F-11D3-BF4B-00C04F79EFBC}") = "21", "21.csproj", "{859CADA2-C734-4BEC-A31D-E1489E569631}"
EndProject
Global
	GlobalSection(SolutionConfigurationPlatforms) = preSolution
		Debug|Any CPU = Debug|Any CPU
		Release|Any CPU = Release|Any CPU
	EndGlobalSection
	GlobalSection(ProjectConfigurationPlatforms) = postSolution
		{859CADA2-C734-4BEC-A31D-E1489E569631}.Debug|Any CPU.ActiveCfg = Debug|Any CPU
		{859CADA2-C734-4BEC-A31D-E1489E569631}.Debug|Any CPU.Build.0 = Debug|Any CPU
		{859CADA2-C734-4BEC-A31D-E1489E569631}.Release|Any CPU.ActiveCfg = Release|Any CPU
		{859CADA2-C734-4BEC-A31D-E1489E569631}.Release|Any CPU.Build.0 = Release|Any CPU
	EndGlobalSection
	GlobalSection(SolutionProperties) = preSolution
		HideSolutionNode = FALSE
	EndGlobalSection
	GlobalSection(ExtensibilityGlobals) = postSolution
		SolutionGuid = {16FC1D26-E4EA-4B2A-836E-2CFBB96E9710}
	EndGlobalSection
EndGlobal
